
Microsoft Visual Studio Solution File, Format Version 12.00
# Visual Studio Version 16
VisualStudioVersion = 16.0.31829.152
MinimumVisualStudioVersion = 10.0.40219.1
Project("{FAE04EC0-301F-11D3-BF4B-00C04F79EFBC}") = "ProyectoUD10_2", "ProyectoUD10_2\ProyectoUD10_2.csproj", "{6499482F-560E-45CB-BACD-F4EADFF4258A}"
EndProject
Global
	GlobalSection(SolutionConfigurationPlatforms) = preSolution
		Debug|Any CPU = Debug|Any CPU
		Release|Any CPU = Release|Any CPU
	EndGlobalSection
	GlobalSection(ProjectConfigurationPlatforms) = postSolution
		{6499482F-560E-45CB-BACD-F4EADFF4258A}.Debug|Any CPU.ActiveCfg = Debug|Any CPU
		{6499482F-560E-45CB-BACD-F4EADFF4258A}.Debug|Any CPU.Build.0 = Debug|Any CPU
		{6499482F-560E-45CB-BACD-F4EADFF4258A}.Release|Any CPU.ActiveCfg = Release|Any CPU
		{6499482F-560E-45CB-BACD-F4EADFF4258A}.Release|Any CPU.Build.0 = Release|Any CPU
	EndGlobalSection
	GlobalSection(SolutionProperties) = preSolution
		HideSolutionNode = FALSE
	EndGlobalSection
	GlobalSection(ExtensibilityGlobals) = postSolution
		SolutionGuid = {7B21635E-5ED7-4979-99FF-1F0C24133E07}
	EndGlobalSection
EndGlobal
